{
    "_readme": [
        "This file locks the dependencies of your project to a known state",
        "Read more about it at https://getcomposer.org/doc/01-basic-usage.md#installing-dependencies",
        "This file is @generated automatically"
    ],
    "content-hash": "15842c71c6c1a6fb8de0fdef08345c02",
    "packages": [
        {
            "name": "sllh/composer-versions-check",
            "version": "v2.0.4",
            "source": {
                "type": "git",
                "url": "https://github.com/soullivaneuh/composer-versions-check.git",
                "reference": "05bca35588b6f234390fd4946d84c8f8e1890c43"
            },
            "dist": {
                "type": "zip",
                "url": "https://api.github.com/repos/soullivaneuh/composer-versions-check/zipball/05bca35588b6f234390fd4946d84c8f8e1890c43",
                "reference": "05bca35588b6f234390fd4946d84c8f8e1890c43",
                "shasum": "",
                "mirrors": [
                    {
                        "url": "https://mirrors.aliyun.com/composer/dists/%package%/%reference%.%type%",
                        "preferred": true
                    }
                ]
            },
            "require": {
                "composer-plugin-api": "^1.0 || ^2.0",
                "php": "^5.3 || ^7.0"
            },
            "require-dev": {
                "composer/composer": "^1.0 || ^2.0",
                "symfony/phpunit-bridge": "^2.7.4|^3.0"
            },
            "type": "composer-plugin",
            "extra": {
                "class": "SLLH\\ComposerVersionsCheck\\VersionsCheckPlugin",
                "branch-alias": {
                    "dev-master": "2.x-dev"
                }
            },
            "autoload": {
                "psr-4": {
                    "SLLH\\ComposerVersionsCheck\\": "src/"
                }
            },
            "notification-url": "https://packagist.org/downloads/",
            "license": [
                "MIT"
            ],
            "authors": [
                {
                    "name": "Sullivan SENECHAL",
                    "email": "soullivaneuh@gmail.com"
                }
            ],
            "description": "Checks if packages are up to date to last major versions after update",
            "keywords": [
                "composer",
                "plugin",
                "update",
                "versions"
            ],
            "support": {
                "issues": "https://github.com/soullivaneuh/composer-versions-check/issues",
                "source": "https://github.com/soullivaneuh/composer-versions-check/tree/master"
            },
            "time": "2020-05-05T13:03:07+00:00"
        }
    ],
    "packages-dev": [],
    "aliases": [],
    "minimum-stability": "stable",
    "stability-flags": [],
    "prefer-stable": false,
    "prefer-lowest": false,
    "platform": [],
    "platform-dev": [],
    "plugin-api-version": "2.2.0"
}
