{
    "_readme": [
        "This file locks the dependencies of your project to a known state",
        "Read more about it at https://getcomposer.org/doc/01-basic-usage.md#installing-dependencies",
        "This file is @generated automatically"
    ],
    "content-hash": "15842c71c6c1a6fb8de0fdef08345c02",
    "packages": [
        {
            "name": "sllh/composer-versions-check",
            "version": "v2.0.3",
            "source": {
                "type": "git",
                "url": "https://github.com/Soullivaneuh/composer-versions-check.git",
                "reference": "f6fe100dd71a9fa0d3c922612b445fb179e19127"
            },
            "dist": {
                "type": "zip",
                "url": "https://api.github.com/repos/Soullivaneuh/composer-versions-check/zipball/f6fe100dd71a9fa0d3c922612b445fb179e19127",
                "reference": "f6fe100dd71a9fa0d3c922612b445fb179e19127",
                "shasum": ""
            },
            "require": {
                "composer-plugin-api": "^1.0",
                "php": "^5.3 || ^7.0"
            },
            "require-dev": {
                "composer/composer": "^1.0",
                "sllh/php-cs-fixer-styleci-bridge": "^2.0",
                "symfony/phpunit-bridge": "^2.7.4|^3.0"
            },
            "type": "composer-plugin",
            "extra": {
                "class": "SLLH\\ComposerVersionsCheck\\VersionsCheckPlugin",
                "branch-alias": {
                    "dev-master": "2.x-dev"
                }
            },
            "autoload": {
                "psr-4": {
                    "SLLH\\ComposerVersionsCheck\\": "src/"
                }
            },
            "notification-url": "https://packagist.org/downloads/",
            "license": [
                "MIT"
            ],
            "authors": [
                {
                    "name": "Sullivan SENECHAL",
                    "email": "soullivaneuh@gmail.com"
                }
            ],
            "description": "Checks if packages are up to date to last major versions after update",
            "keywords": [
                "composer",
                "plugin",
                "update",
                "versions"
            ],
            "time": "2017-06-16T09:29:23+00:00"
        }
    ],
    "packages-dev": [],
    "aliases": [],
    "minimum-stability": "stable",
    "stability-flags": [],
    "prefer-stable": false,
    "prefer-lowest": false,
    "platform": [],
    "platform-dev": []
}
